// !$*UTF8*$!
{
	archiveVersion = 1;
	classes = {
	};
	objectVersion = 46;
	objects = {

/* Begin PBXBuildFile section */
		107B5A4406ECE71280F62566 /* Pods.framework in Frameworks */ = {isa = PBXBuildFile; fileRef = 0DB90F19966046D61D63CE64 /* Pods.framework */; };
		B32CDB9C1C58577A00EEAE9A /* GoalViewController.swift in Sources */ = {isa = PBXBuildFile; fileRef = B32CDB9B1C58577A00EEAE9A /* GoalViewController.swift */; };
		B334D3401C35E8B600F0ADCF /* EventPicker.swift in Sources */ = {isa = PBXBuildFile; fileRef = B334D33F1C35E8B600F0ADCF /* EventPicker.swift */; };
		B35D66491C5ACB1F00529133 /* timestandards.plist in Resources */ = {isa = PBXBuildFile; fileRef = B35D66481C5ACB1F00529133 /* timestandards.plist */; };
		B35D664D1C5B2C4200529133 /* StandardKeyConversion.swift in Sources */ = {isa = PBXBuildFile; fileRef = B35D664C1C5B2C4200529133 /* StandardKeyConversion.swift */; };
		B35D664F1C5B526800529133 /* SafeTextField.swift in Sources */ = {isa = PBXBuildFile; fileRef = B35D664E1C5B526800529133 /* SafeTextField.swift */; };
		B369CF181C33A6A100CFB07D /* AppDelegate.swift in Sources */ = {isa = PBXBuildFile; fileRef = B369CF171C33A6A100CFB07D /* AppDelegate.swift */; };
		B369CF1D1C33A6A100CFB07D /* Main.storyboard in Resources */ = {isa = PBXBuildFile; fileRef = B369CF1B1C33A6A100CFB07D /* Main.storyboard */; };
		B369CF201C33A6A100CFB07D /* Threshold.xcdatamodeld in Sources */ = {isa = PBXBuildFile; fileRef = B369CF1E1C33A6A100CFB07D /* Threshold.xcdatamodeld */; };
		B369CF221C33A6A100CFB07D /* Assets.xcassets in Resources */ = {isa = PBXBuildFile; fileRef = B369CF211C33A6A100CFB07D /* Assets.xcassets */; };
		B369CF251C33A6A100CFB07D /* LaunchScreen.storyboard in Resources */ = {isa = PBXBuildFile; fileRef = B369CF231C33A6A100CFB07D /* LaunchScreen.storyboard */; };
		B369CF301C33A6A100CFB07D /* ThresholdTests.swift in Sources */ = {isa = PBXBuildFile; fileRef = B369CF2F1C33A6A100CFB07D /* ThresholdTests.swift */; };
		B369CF3B1C33A6A100CFB07D /* ThresholdUITests.swift in Sources */ = {isa = PBXBuildFile; fileRef = B369CF3A1C33A6A100CFB07D /* ThresholdUITests.swift */; };
		B369CF4A1C33D0C700CFB07D /* ManageTimesController.swift in Sources */ = {isa = PBXBuildFile; fileRef = B369CF491C33D0C700CFB07D /* ManageTimesController.swift */; };
		B369CF4C1C33D0E500CFB07D /* AddEventController.swift in Sources */ = {isa = PBXBuildFile; fileRef = B369CF4B1C33D0E500CFB07D /* AddEventController.swift */; };
		B369CF4E1C33D0F600CFB07D /* AddTimeController.swift in Sources */ = {isa = PBXBuildFile; fileRef = B369CF4D1C33D0F600CFB07D /* AddTimeController.swift */; };
		B369CF511C33D39B00CFB07D /* Models.swift in Sources */ = {isa = PBXBuildFile; fileRef = B369CF501C33D39B00CFB07D /* Models.swift */; };
		B373C4B81C3C9299002309DB /* Event+CoreDataProperties.swift in Sources */ = {isa = PBXBuildFile; fileRef = B373C4B61C3C9299002309DB /* Event+CoreDataProperties.swift */; };
		B373C4B91C3C9299002309DB /* Event.swift in Sources */ = {isa = PBXBuildFile; fileRef = B373C4B71C3C9299002309DB /* Event.swift */; };
		B373C4BF1C3CA217002309DB /* TimePicker.swift in Sources */ = {isa = PBXBuildFile; fileRef = B373C4BE1C3CA217002309DB /* TimePicker.swift */; };
		B37D81C51C67386A00F983C9 /* TimesFormatter.swift in Sources */ = {isa = PBXBuildFile; fileRef = B37D81C41C67386A00F983C9 /* TimesFormatter.swift */; };
		B37D81C81C6842AE00F983C9 /* SocialLoginController.swift in Sources */ = {isa = PBXBuildFile; fileRef = B37D81C71C6842AE00F983C9 /* SocialLoginController.swift */; };
		B382EEE71C5C857B00246AD4 /* USASwimmingViewController.swift in Sources */ = {isa = PBXBuildFile; fileRef = B382EEE61C5C857B00246AD4 /* USASwimmingViewController.swift */; };
		B382EEE91C5CA8E300246AD4 /* DashboardViewController.swift in Sources */ = {isa = PBXBuildFile; fileRef = B382EEE81C5CA8E300246AD4 /* DashboardViewController.swift */; };
		B3871CBF1C44B87E00C3FCDB /* DemographicsViewController.swift in Sources */ = {isa = PBXBuildFile; fileRef = B3871CBE1C44B87E00C3FCDB /* DemographicsViewController.swift */; };
		B3871CC31C44CEFF00C3FCDB /* GoalsCell.swift in Sources */ = {isa = PBXBuildFile; fileRef = B3871CC21C44CEFF00C3FCDB /* GoalsCell.swift */; };
		B389423E1C3CDF2700D433F7 /* SpreadsheetViewController.swift in Sources */ = {isa = PBXBuildFile; fileRef = B389423D1C3CDF2700D433F7 /* SpreadsheetViewController.swift */; };
		B38942441C3CEC0000D433F7 /* HeaderCell.swift in Sources */ = {isa = PBXBuildFile; fileRef = B38942431C3CEC0000D433F7 /* HeaderCell.swift */; };
		B38942461C3CEC1100D433F7 /* EventCell.swift in Sources */ = {isa = PBXBuildFile; fileRef = B38942451C3CEC1100D433F7 /* EventCell.swift */; };
		B38942481C3CEC1F00D433F7 /* DateCell.swift in Sources */ = {isa = PBXBuildFile; fileRef = B38942471C3CEC1F00D433F7 /* DateCell.swift */; };
		B389424A1C3CEC3500D433F7 /* TimesCell.swift in Sources */ = {isa = PBXBuildFile; fileRef = B38942491C3CEC3500D433F7 /* TimesCell.swift */; };
		B38942511C3D0D3800D433F7 /* Time+CoreDataProperties.swift in Sources */ = {isa = PBXBuildFile; fileRef = B389424F1C3D0D3800D433F7 /* Time+CoreDataProperties.swift */; };
		B38942521C3D0D3800D433F7 /* Time.swift in Sources */ = {isa = PBXBuildFile; fileRef = B38942501C3D0D3800D433F7 /* Time.swift */; };
		B38942551C3D0D5A00D433F7 /* MeetDate+CoreDataProperties.swift in Sources */ = {isa = PBXBuildFile; fileRef = B38942531C3D0D5A00D433F7 /* MeetDate+CoreDataProperties.swift */; };
		B38942561C3D0D5A00D433F7 /* MeetDate.swift in Sources */ = {isa = PBXBuildFile; fileRef = B38942541C3D0D5A00D433F7 /* MeetDate.swift */; };
/* End PBXBuildFile section */

/* Begin PBXContainerItemProxy section */
		B369CF2C1C33A6A100CFB07D /* PBXContainerItemProxy */ = {
			isa = PBXContainerItemProxy;
			containerPortal = B369CF0C1C33A6A100CFB07D /* Project object */;
			proxyType = 1;
			remoteGlobalIDString = B369CF131C33A6A100CFB07D;
			remoteInfo = Threshold;
		};
		B369CF371C33A6A100CFB07D /* PBXContainerItemProxy */ = {
			isa = PBXContainerItemProxy;
			containerPortal = B369CF0C1C33A6A100CFB07D /* Project object */;
			proxyType = 1;
			remoteGlobalIDString = B369CF131C33A6A100CFB07D;
			remoteInfo = Threshold;
		};
/* End PBXContainerItemProxy section */

/* Begin PBXFileReference section */
		0DB90F19966046D61D63CE64 /* Pods.framework */ = {isa = PBXFileReference; explicitFileType = wrapper.framework; includeInIndex = 0; path = Pods.framework; sourceTree = BUILT_PRODUCTS_DIR; };
		8CB09AE81556F12CA8B3988C /* Pods.release.xcconfig */ = {isa = PBXFileReference; includeInIndex = 1; lastKnownFileType = text.xcconfig; name = Pods.release.xcconfig; path = "Pods/Target Support Files/Pods/Pods.release.xcconfig"; sourceTree = "<group>"; };
		B32CDB9B1C58577A00EEAE9A /* GoalViewController.swift */ = {isa = PBXFileReference; fileEncoding = 4; lastKnownFileType = sourcecode.swift; path = GoalViewController.swift; sourceTree = "<group>"; };
		B334D33F1C35E8B600F0ADCF /* EventPicker.swift */ = {isa = PBXFileReference; fileEncoding = 4; lastKnownFileType = sourcecode.swift; path = EventPicker.swift; sourceTree = "<group>"; };
		B35D66481C5ACB1F00529133 /* timestandards.plist */ = {isa = PBXFileReference; fileEncoding = 4; lastKnownFileType = text.plist.xml; path = timestandards.plist; sourceTree = "<group>"; };
		B35D664C1C5B2C4200529133 /* StandardKeyConversion.swift */ = {isa = PBXFileReference; fileEncoding = 4; lastKnownFileType = sourcecode.swift; path = StandardKeyConversion.swift; sourceTree = "<group>"; };
		B35D664E1C5B526800529133 /* SafeTextField.swift */ = {isa = PBXFileReference; fileEncoding = 4; lastKnownFileType = sourcecode.swift; path = SafeTextField.swift; sourceTree = "<group>"; };
		B369CF141C33A6A100CFB07D /* Threshold.app */ = {isa = PBXFileReference; explicitFileType = wrapper.application; includeInIndex = 0; path = Threshold.app; sourceTree = BUILT_PRODUCTS_DIR; };
		B369CF171C33A6A100CFB07D /* AppDelegate.swift */ = {isa = PBXFileReference; lastKnownFileType = sourcecode.swift; path = AppDelegate.swift; sourceTree = "<group>"; };
		B369CF1C1C33A6A100CFB07D /* Base */ = {isa = PBXFileReference; lastKnownFileType = file.storyboard; name = Base; path = Base.lproj/Main.storyboard; sourceTree = "<group>"; };
		B369CF1F1C33A6A100CFB07D /* Threshold.xcdatamodel */ = {isa = PBXFileReference; lastKnownFileType = wrapper.xcdatamodel; path = Threshold.xcdatamodel; sourceTree = "<group>"; };
		B369CF211C33A6A100CFB07D /* Assets.xcassets */ = {isa = PBXFileReference; lastKnownFileType = folder.assetcatalog; path = Assets.xcassets; sourceTree = "<group>"; };
		B369CF241C33A6A100CFB07D /* Base */ = {isa = PBXFileReference; lastKnownFileType = file.storyboard; name = Base; path = Base.lproj/LaunchScreen.storyboard; sourceTree = "<group>"; };
		B369CF261C33A6A100CFB07D /* Info.plist */ = {isa = PBXFileReference; lastKnownFileType = text.plist.xml; path = Info.plist; sourceTree = "<group>"; };
		B369CF2B1C33A6A100CFB07D /* ThresholdTests.xctest */ = {isa = PBXFileReference; explicitFileType = wrapper.cfbundle; includeInIndex = 0; path = ThresholdTests.xctest; sourceTree = BUILT_PRODUCTS_DIR; };
		B369CF2F1C33A6A100CFB07D /* ThresholdTests.swift */ = {isa = PBXFileReference; lastKnownFileType = sourcecode.swift; path = ThresholdTests.swift; sourceTree = "<group>"; };
		B369CF311C33A6A100CFB07D /* Info.plist */ = {isa = PBXFileReference; lastKnownFileType = text.plist.xml; path = Info.plist; sourceTree = "<group>"; };
		B369CF361C33A6A100CFB07D /* ThresholdUITests.xctest */ = {isa = PBXFileReference; explicitFileType = wrapper.cfbundle; includeInIndex = 0; path = ThresholdUITests.xctest; sourceTree = BUILT_PRODUCTS_DIR; };
		B369CF3A1C33A6A100CFB07D /* ThresholdUITests.swift */ = {isa = PBXFileReference; lastKnownFileType = sourcecode.swift; path = ThresholdUITests.swift; sourceTree = "<group>"; };
		B369CF3C1C33A6A100CFB07D /* Info.plist */ = {isa = PBXFileReference; lastKnownFileType = text.plist.xml; path = Info.plist; sourceTree = "<group>"; };
		B369CF491C33D0C700CFB07D /* ManageTimesController.swift */ = {isa = PBXFileReference; fileEncoding = 4; lastKnownFileType = sourcecode.swift; path = ManageTimesController.swift; sourceTree = "<group>"; };
		B369CF4B1C33D0E500CFB07D /* AddEventController.swift */ = {isa = PBXFileReference; fileEncoding = 4; lastKnownFileType = sourcecode.swift; path = AddEventController.swift; sourceTree = "<group>"; };
		B369CF4D1C33D0F600CFB07D /* AddTimeController.swift */ = {isa = PBXFileReference; fileEncoding = 4; lastKnownFileType = sourcecode.swift; path = AddTimeController.swift; sourceTree = "<group>"; };
		B369CF501C33D39B00CFB07D /* Models.swift */ = {isa = PBXFileReference; fileEncoding = 4; lastKnownFileType = sourcecode.swift; path = Models.swift; sourceTree = "<group>"; };
		B373C4B61C3C9299002309DB /* Event+CoreDataProperties.swift */ = {isa = PBXFileReference; fileEncoding = 4; lastKnownFileType = sourcecode.swift; path = "Event+CoreDataProperties.swift"; sourceTree = "<group>"; };
		B373C4B71C3C9299002309DB /* Event.swift */ = {isa = PBXFileReference; fileEncoding = 4; lastKnownFileType = sourcecode.swift; path = Event.swift; sourceTree = "<group>"; };
		B373C4BE1C3CA217002309DB /* TimePicker.swift */ = {isa = PBXFileReference; fileEncoding = 4; lastKnownFileType = sourcecode.swift; path = TimePicker.swift; sourceTree = "<group>"; };
		B37D81C41C67386A00F983C9 /* TimesFormatter.swift */ = {isa = PBXFileReference; fileEncoding = 4; lastKnownFileType = sourcecode.swift; path = TimesFormatter.swift; sourceTree = "<group>"; };
		B37D81C71C6842AE00F983C9 /* SocialLoginController.swift */ = {isa = PBXFileReference; fileEncoding = 4; lastKnownFileType = sourcecode.swift; path = SocialLoginController.swift; sourceTree = "<group>"; };
		B382EEE61C5C857B00246AD4 /* USASwimmingViewController.swift */ = {isa = PBXFileReference; fileEncoding = 4; lastKnownFileType = sourcecode.swift; path = USASwimmingViewController.swift; sourceTree = "<group>"; };
		B382EEE81C5CA8E300246AD4 /* DashboardViewController.swift */ = {isa = PBXFileReference; fileEncoding = 4; lastKnownFileType = sourcecode.swift; path = DashboardViewController.swift; sourceTree = "<group>"; };
		B3871CBE1C44B87E00C3FCDB /* DemographicsViewController.swift */ = {isa = PBXFileReference; fileEncoding = 4; lastKnownFileType = sourcecode.swift; path = DemographicsViewController.swift; sourceTree = "<group>"; };
		B3871CC21C44CEFF00C3FCDB /* GoalsCell.swift */ = {isa = PBXFileReference; fileEncoding = 4; lastKnownFileType = sourcecode.swift; path = GoalsCell.swift; sourceTree = "<group>"; };
		B389423D1C3CDF2700D433F7 /* SpreadsheetViewController.swift */ = {isa = PBXFileReference; fileEncoding = 4; lastKnownFileType = sourcecode.swift; path = SpreadsheetViewController.swift; sourceTree = "<group>"; };
		B38942431C3CEC0000D433F7 /* HeaderCell.swift */ = {isa = PBXFileReference; fileEncoding = 4; lastKnownFileType = sourcecode.swift; path = HeaderCell.swift; sourceTree = "<group>"; };
		B38942451C3CEC1100D433F7 /* EventCell.swift */ = {isa = PBXFileReference; fileEncoding = 4; lastKnownFileType = sourcecode.swift; path = EventCell.swift; sourceTree = "<group>"; };
		B38942471C3CEC1F00D433F7 /* DateCell.swift */ = {isa = PBXFileReference; fileEncoding = 4; lastKnownFileType = sourcecode.swift; path = DateCell.swift; sourceTree = "<group>"; };
		B38942491C3CEC3500D433F7 /* TimesCell.swift */ = {isa = PBXFileReference; fileEncoding = 4; lastKnownFileType = sourcecode.swift; path = TimesCell.swift; sourceTree = "<group>"; };
		B389424F1C3D0D3800D433F7 /* Time+CoreDataProperties.swift */ = {isa = PBXFileReference; fileEncoding = 4; lastKnownFileType = sourcecode.swift; path = "Time+CoreDataProperties.swift"; sourceTree = "<group>"; };
		B38942501C3D0D3800D433F7 /* Time.swift */ = {isa = PBXFileReference; fileEncoding = 4; lastKnownFileType = sourcecode.swift; path = Time.swift; sourceTree = "<group>"; };
		B38942531C3D0D5A00D433F7 /* MeetDate+CoreDataProperties.swift */ = {isa = PBXFileReference; fileEncoding = 4; lastKnownFileType = sourcecode.swift; path = "MeetDate+CoreDataProperties.swift"; sourceTree = "<group>"; };
		B38942541C3D0D5A00D433F7 /* MeetDate.swift */ = {isa = PBXFileReference; fileEncoding = 4; lastKnownFileType = sourcecode.swift; path = MeetDate.swift; sourceTree = "<group>"; };
		E1059B512F21BCB3552255BF /* Pods.debug.xcconfig */ = {isa = PBXFileReference; includeInIndex = 1; lastKnownFileType = text.xcconfig; name = Pods.debug.xcconfig; path = "Pods/Target Support Files/Pods/Pods.debug.xcconfig"; sourceTree = "<group>"; };
/* End PBXFileReference section */

/* Begin PBXFrameworksBuildPhase section */
		B369CF111C33A6A100CFB07D /* Frameworks */ = {
			isa = PBXFrameworksBuildPhase;
			buildActionMask = 2147483647;
			files = (
				107B5A4406ECE71280F62566 /* Pods.framework in Frameworks */,
			);
			runOnlyForDeploymentPostprocessing = 0;
		};
		B369CF281C33A6A100CFB07D /* Frameworks */ = {
			isa = PBXFrameworksBuildPhase;
			buildActionMask = 2147483647;
			files = (
			);
			runOnlyForDeploymentPostprocessing = 0;
		};
		B369CF331C33A6A100CFB07D /* Frameworks */ = {
			isa = PBXFrameworksBuildPhase;
			buildActionMask = 2147483647;
			files = (
			);
			runOnlyForDeploymentPostprocessing = 0;
		};
/* End PBXFrameworksBuildPhase section */

/* Begin PBXGroup section */
		52C34DE2ABEA9DF7BCB08212 /* Pods */ = {
			isa = PBXGroup;
			children = (
				E1059B512F21BCB3552255BF /* Pods.debug.xcconfig */,
				8CB09AE81556F12CA8B3988C /* Pods.release.xcconfig */,
			);
			name = Pods;
			sourceTree = "<group>";
		};
		7CF72C1DEF455341209FF6D1 /* Frameworks */ = {
			isa = PBXGroup;
			children = (
				0DB90F19966046D61D63CE64 /* Pods.framework */,
			);
			name = Frameworks;
			sourceTree = "<group>";
		};
		B334D33C1C35E0CA00F0ADCF /* Pickers */ = {
			isa = PBXGroup;
			children = (
				B334D33F1C35E8B600F0ADCF /* EventPicker.swift */,
				B373C4BE1C3CA217002309DB /* TimePicker.swift */,
				B37D81C41C67386A00F983C9 /* TimesFormatter.swift */,
			);
			name = Pickers;
			sourceTree = "<group>";
		};
		B35D664B1C5B2C1D00529133 /* TimeStandards */ = {
			isa = PBXGroup;
			children = (
				B35D66481C5ACB1F00529133 /* timestandards.plist */,
				B35D664C1C5B2C4200529133 /* StandardKeyConversion.swift */,
			);
			name = TimeStandards;
			sourceTree = "<group>";
		};
		B369CF0B1C33A6A100CFB07D = {
			isa = PBXGroup;
			children = (
				B369CF161C33A6A100CFB07D /* Threshold */,
				B369CF2E1C33A6A100CFB07D /* ThresholdTests */,
				B369CF391C33A6A100CFB07D /* ThresholdUITests */,
				B369CF151C33A6A100CFB07D /* Products */,
				52C34DE2ABEA9DF7BCB08212 /* Pods */,
				7CF72C1DEF455341209FF6D1 /* Frameworks */,
			);
			sourceTree = "<group>";
		};
		B369CF151C33A6A100CFB07D /* Products */ = {
			isa = PBXGroup;
			children = (
				B369CF141C33A6A100CFB07D /* Threshold.app */,
				B369CF2B1C33A6A100CFB07D /* ThresholdTests.xctest */,
				B369CF361C33A6A100CFB07D /* ThresholdUITests.xctest */,
			);
			name = Products;
			sourceTree = "<group>";
		};
		B369CF161C33A6A100CFB07D /* Threshold */ = {
			isa = PBXGroup;
			children = (
				B35D664B1C5B2C1D00529133 /* TimeStandards */,
				B38942401C3CEB7B00D433F7 /* Views */,
				B373C4B51C3C9195002309DB /* Models */,
				B334D33C1C35E0CA00F0ADCF /* Pickers */,
				B369CF481C33D09700CFB07D /* ViewControllers */,
				B369CF171C33A6A100CFB07D /* AppDelegate.swift */,
				B369CF1B1C33A6A100CFB07D /* Main.storyboard */,
				B369CF211C33A6A100CFB07D /* Assets.xcassets */,
				B369CF231C33A6A100CFB07D /* LaunchScreen.storyboard */,
				B369CF261C33A6A100CFB07D /* Info.plist */,
				B369CF1E1C33A6A100CFB07D /* Threshold.xcdatamodeld */,
			);
			path = Threshold;
			sourceTree = "<group>";
		};
		B369CF2E1C33A6A100CFB07D /* ThresholdTests */ = {
			isa = PBXGroup;
			children = (
				B369CF2F1C33A6A100CFB07D /* ThresholdTests.swift */,
				B369CF311C33A6A100CFB07D /* Info.plist */,
			);
			path = ThresholdTests;
			sourceTree = "<group>";
		};
		B369CF391C33A6A100CFB07D /* ThresholdUITests */ = {
			isa = PBXGroup;
			children = (
				B369CF3A1C33A6A100CFB07D /* ThresholdUITests.swift */,
				B369CF3C1C33A6A100CFB07D /* Info.plist */,
			);
			path = ThresholdUITests;
			sourceTree = "<group>";
		};
		B369CF481C33D09700CFB07D /* ViewControllers */ = {
			isa = PBXGroup;
			children = (
				B3871CBE1C44B87E00C3FCDB /* DemographicsViewController.swift */,
				B369CF491C33D0C700CFB07D /* ManageTimesController.swift */,
				B369CF4B1C33D0E500CFB07D /* AddEventController.swift */,
				B369CF4D1C33D0F600CFB07D /* AddTimeController.swift */,
				B389423D1C3CDF2700D433F7 /* SpreadsheetViewController.swift */,
				B32CDB9B1C58577A00EEAE9A /* GoalViewController.swift */,
				B382EEE61C5C857B00246AD4 /* USASwimmingViewController.swift */,
				B382EEE81C5CA8E300246AD4 /* DashboardViewController.swift */,
				B37D81C71C6842AE00F983C9 /* SocialLoginController.swift */,
			);
			name = ViewControllers;
			sourceTree = "<group>";
		};
		B373C4B51C3C9195002309DB /* Models */ = {
			isa = PBXGroup;
			children = (
				B369CF501C33D39B00CFB07D /* Models.swift */,
				B389424F1C3D0D3800D433F7 /* Time+CoreDataProperties.swift */,
				B38942501C3D0D3800D433F7 /* Time.swift */,
				B373C4B61C3C9299002309DB /* Event+CoreDataProperties.swift */,
				B373C4B71C3C9299002309DB /* Event.swift */,
				B38942531C3D0D5A00D433F7 /* MeetDate+CoreDataProperties.swift */,
				B38942541C3D0D5A00D433F7 /* MeetDate.swift */,
			);
			name = Models;
			sourceTree = "<group>";
		};
		B38942401C3CEB7B00D433F7 /* Views */ = {
			isa = PBXGroup;
			children = (
				B38942431C3CEC0000D433F7 /* HeaderCell.swift */,
				B38942451C3CEC1100D433F7 /* EventCell.swift */,
				B38942471C3CEC1F00D433F7 /* DateCell.swift */,
				B38942491C3CEC3500D433F7 /* TimesCell.swift */,
				B3871CC21C44CEFF00C3FCDB /* GoalsCell.swift */,
				B35D664E1C5B526800529133 /* SafeTextField.swift */,
			);
			name = Views;
			sourceTree = "<group>";
		};
/* End PBXGroup section */

/* Begin PBXNativeTarget section */
		B369CF131C33A6A100CFB07D /* Threshold */ = {
			isa = PBXNativeTarget;
			buildConfigurationList = B369CF3F1C33A6A100CFB07D /* Build configuration list for PBXNativeTarget "Threshold" */;
			buildPhases = (
				0A4AC2C708CA48276868DD30 /* Check Pods Manifest.lock */,
				B369CF101C33A6A100CFB07D /* Sources */,
				B369CF111C33A6A100CFB07D /* Frameworks */,
				B369CF121C33A6A100CFB07D /* Resources */,
				40CAA4C7D45FB8A2B5A992DE /* Embed Pods Frameworks */,
				58DF9456662EB449CFDED777 /* Copy Pods Resources */,
				B3A0748B1C686EF4006B6675 /* ShellScript */,
			);
			buildRules = (
			);
			dependencies = (
			);
			name = Threshold;
			productName = Threshold;
			productReference = B369CF141C33A6A100CFB07D /* Threshold.app */;
			productType = "com.apple.product-type.application";
		};
		B369CF2A1C33A6A100CFB07D /* ThresholdTests */ = {
			isa = PBXNativeTarget;
			buildConfigurationList = B369CF421C33A6A100CFB07D /* Build configuration list for PBXNativeTarget "ThresholdTests" */;
			buildPhases = (
				B369CF271C33A6A100CFB07D /* Sources */,
				B369CF281C33A6A100CFB07D /* Frameworks */,
				B369CF291C33A6A100CFB07D /* Resources */,
			);
			buildRules = (
			);
			dependencies = (
				B369CF2D1C33A6A100CFB07D /* PBXTargetDependency */,
			);
			name = ThresholdTests;
			productName = ThresholdTests;
			productReference = B369CF2B1C33A6A100CFB07D /* ThresholdTests.xctest */;
			productType = "com.apple.product-type.bundle.unit-test";
		};
		B369CF351C33A6A100CFB07D /* ThresholdUITests */ = {
			isa = PBXNativeTarget;
			buildConfigurationList = B369CF451C33A6A100CFB07D /* Build configuration list for PBXNativeTarget "ThresholdUITests" */;
			buildPhases = (
				B369CF321C33A6A100CFB07D /* Sources */,
				B369CF331C33A6A100CFB07D /* Frameworks */,
				B369CF341C33A6A100CFB07D /* Resources */,
			);
			buildRules = (
			);
			dependencies = (
				B369CF381C33A6A100CFB07D /* PBXTargetDependency */,
			);
			name = ThresholdUITests;
			productName = ThresholdUITests;
			productReference = B369CF361C33A6A100CFB07D /* ThresholdUITests.xctest */;
			productType = "com.apple.product-type.bundle.ui-testing";
		};
/* End PBXNativeTarget section */

/* Begin PBXProject section */
		B369CF0C1C33A6A100CFB07D /* Project object */ = {
			isa = PBXProject;
			attributes = {
				LastSwiftUpdateCheck = 0710;
				LastUpgradeCheck = 0710;
				ORGANIZATIONNAME = Leo;
				TargetAttributes = {
					B369CF131C33A6A100CFB07D = {
						CreatedOnToolsVersion = 7.1.1;
					};
					B369CF2A1C33A6A100CFB07D = {
						CreatedOnToolsVersion = 7.1.1;
						TestTargetID = B369CF131C33A6A100CFB07D;
					};
					B369CF351C33A6A100CFB07D = {
						CreatedOnToolsVersion = 7.1.1;
						TestTargetID = B369CF131C33A6A100CFB07D;
					};
				};
			};
			buildConfigurationList = B369CF0F1C33A6A100CFB07D /* Build configuration list for PBXProject "Threshold" */;
			compatibilityVersion = "Xcode 3.2";
			developmentRegion = English;
			hasScannedForEncodings = 0;
			knownRegions = (
				en,
				Base,
			);
			mainGroup = B369CF0B1C33A6A100CFB07D;
			productRefGroup = B369CF151C33A6A100CFB07D /* Products */;
			projectDirPath = "";
			projectRoot = "";
			targets = (
				B369CF131C33A6A100CFB07D /* Threshold */,
				B369CF2A1C33A6A100CFB07D /* ThresholdTests */,
				B369CF351C33A6A100CFB07D /* ThresholdUITests */,
			);
		};
/* End PBXProject section */

/* Begin PBXResourcesBuildPhase section */
		B369CF121C33A6A100CFB07D /* Resources */ = {
			isa = PBXResourcesBuildPhase;
			buildActionMask = 2147483647;
			files = (
				B35D66491C5ACB1F00529133 /* timestandards.plist in Resources */,
				B369CF251C33A6A100CFB07D /* LaunchScreen.storyboard in Resources */,
				B369CF221C33A6A100CFB07D /* Assets.xcassets in Resources */,
				B369CF1D1C33A6A100CFB07D /* Main.storyboard in Resources */,
			);
			runOnlyForDeploymentPostprocessing = 0;
		};
		B369CF291C33A6A100CFB07D /* Resources */ = {
			isa = PBXResourcesBuildPhase;
			buildActionMask = 2147483647;
			files = (
			);
			runOnlyForDeploymentPostprocessing = 0;
		};
		B369CF341C33A6A100CFB07D /* Resources */ = {
			isa = PBXResourcesBuildPhase;
			buildActionMask = 2147483647;
			files = (
			);
			runOnlyForDeploymentPostprocessing = 0;
		};
/* End PBXResourcesBuildPhase section */

/* Begin PBXShellScriptBuildPhase section */
		0A4AC2C708CA48276868DD30 /* Check Pods Manifest.lock */ = {
			isa = PBXShellScriptBuildPhase;
			buildActionMask = 2147483647;
			files = (
			);
			inputPaths = (
			);
			name = "Check Pods Manifest.lock";
			outputPaths = (
			);
			runOnlyForDeploymentPostprocessing = 0;
			shellPath = /bin/sh;
			shellScript = "diff \"${PODS_ROOT}/../Podfile.lock\" \"${PODS_ROOT}/Manifest.lock\" > /dev/null\nif [[ $? != 0 ]] ; then\n    cat << EOM\nerror: The sandbox is not in sync with the Podfile.lock. Run 'pod install' or update your CocoaPods installation.\nEOM\n    exit 1\nfi\n";
			showEnvVarsInLog = 0;
		};
		40CAA4C7D45FB8A2B5A992DE /* Embed Pods Frameworks */ = {
			isa = PBXShellScriptBuildPhase;
			buildActionMask = 2147483647;
			files = (
			);
			inputPaths = (
			);
			name = "Embed Pods Frameworks";
			outputPaths = (
			);
			runOnlyForDeploymentPostprocessing = 0;
			shellPath = /bin/sh;
			shellScript = "\"${SRCROOT}/Pods/Target Support Files/Pods/Pods-frameworks.sh\"\n";
			showEnvVarsInLog = 0;
		};
		58DF9456662EB449CFDED777 /* Copy Pods Resources */ = {
			isa = PBXShellScriptBuildPhase;
			buildActionMask = 2147483647;
			files = (
			);
			inputPaths = (
			);
			name = "Copy Pods Resources";
			outputPaths = (
			);
			runOnlyForDeploymentPostprocessing = 0;
			shellPath = /bin/sh;
			shellScript = "\"${SRCROOT}/Pods/Target Support Files/Pods/Pods-resources.sh\"\n";
			showEnvVarsInLog = 0;
		};
		B3A0748B1C686EF4006B6675 /* ShellScript */ = {
			isa = PBXShellScriptBuildPhase;
			buildActionMask = 2147483647;
			files = (
			);
			inputPaths = (
			);
			outputPaths = (
			);
			runOnlyForDeploymentPostprocessing = 0;
			shellPath = /bin/sh;
			shellScript = "\"${PODS_ROOT}/Fabric/run\" 008ec16ab0c3989bba67ace904d2d1ff69f78b33 65acb935ad20ea5a4048e405e3d45eec13831b50ba2544080ad0abbb35a4ffef";
		};
/* End PBXShellScriptBuildPhase section */

/* Begin PBXSourcesBuildPhase section */
		B369CF101C33A6A100CFB07D /* Sources */ = {
			isa = PBXSourcesBuildPhase;
			buildActionMask = 2147483647;
			files = (
				B373C4BF1C3CA217002309DB /* TimePicker.swift in Sources */,
				B369CF201C33A6A100CFB07D /* Threshold.xcdatamodeld in Sources */,
				B38942511C3D0D3800D433F7 /* Time+CoreDataProperties.swift in Sources */,
				B373C4B91C3C9299002309DB /* Event.swift in Sources */,
				B3871CBF1C44B87E00C3FCDB /* DemographicsViewController.swift in Sources */,
				B369CF4A1C33D0C700CFB07D /* ManageTimesController.swift in Sources */,
				B37D81C81C6842AE00F983C9 /* SocialLoginController.swift in Sources */,
				B35D664F1C5B526800529133 /* SafeTextField.swift in Sources */,
				B382EEE91C5CA8E300246AD4 /* DashboardViewController.swift in Sources */,
				B38942521C3D0D3800D433F7 /* Time.swift in Sources */,
				B334D3401C35E8B600F0ADCF /* EventPicker.swift in Sources */,
				B38942441C3CEC0000D433F7 /* HeaderCell.swift in Sources */,
				B38942481C3CEC1F00D433F7 /* DateCell.swift in Sources */,
				B37D81C51C67386A00F983C9 /* TimesFormatter.swift in Sources */,
				B38942461C3CEC1100D433F7 /* EventCell.swift in Sources */,
				B3871CC31C44CEFF00C3FCDB /* GoalsCell.swift in Sources */,
				B389424A1C3CEC3500D433F7 /* TimesCell.swift in Sources */,
				B369CF4C1C33D0E500CFB07D /* AddEventController.swift in Sources */,
				B35D664D1C5B2C4200529133 /* StandardKeyConversion.swift in Sources */,
				B369CF511C33D39B00CFB07D /* Models.swift in Sources */,
				B369CF181C33A6A100CFB07D /* AppDelegate.swift in Sources */,
				B38942551C3D0D5A00D433F7 /* MeetDate+CoreDataProperties.swift in Sources */,
				B382EEE71C5C857B00246AD4 /* USASwimmingViewController.swift in Sources */,
				B373C4B81C3C9299002309DB /* Event+CoreDataProperties.swift in Sources */,
				B369CF4E1C33D0F600CFB07D /* AddTimeController.swift in Sources */,
				B32CDB9C1C58577A00EEAE9A /* GoalViewController.swift in Sources */,
				B389423E1C3CDF2700D433F7 /* SpreadsheetViewController.swift in Sources */,
				B38942561C3D0D5A00D433F7 /* MeetDate.swift in Sources */,
			);
			runOnlyForDeploymentPostprocessing = 0;
		};
		B369CF271C33A6A100CFB07D /* Sources */ = {
			isa = PBXSourcesBuildPhase;
			buildActionMask = 2147483647;
			files = (
				B369CF301C33A6A100CFB07D /* ThresholdTests.swift in Sources */,
			);
			runOnlyForDeploymentPostprocessing = 0;
		};
		B369CF321C33A6A100CFB07D /* Sources */ = {
			isa = PBXSourcesBuildPhase;
			buildActionMask = 2147483647;
			files = (
				B369CF3B1C33A6A100CFB07D /* ThresholdUITests.swift in Sources */,
			);
			runOnlyForDeploymentPostprocessing = 0;
		};
/* End PBXSourcesBuildPhase section */

/* Begin PBXTargetDependency section */
		B369CF2D1C33A6A100CFB07D /* PBXTargetDependency */ = {
			isa = PBXTargetDependency;
			target = B369CF131C33A6A100CFB07D /* Threshold */;
			targetProxy = B369CF2C1C33A6A100CFB07D /* PBXContainerItemProxy */;
		};
		B369CF381C33A6A100CFB07D /* PBXTargetDependency */ = {
			isa = PBXTargetDependency;
			target = B369CF131C33A6A100CFB07D /* Threshold */;
			targetProxy = B369CF371C33A6A100CFB07D /* PBXContainerItemProxy */;
		};
/* End PBXTargetDependency section */

/* Begin PBXVariantGroup section */
		B369CF1B1C33A6A100CFB07D /* Main.storyboard */ = {
			isa = PBXVariantGroup;
			children = (
				B369CF1C1C33A6A100CFB07D /* Base */,
			);
			name = Main.storyboard;
			sourceTree = "<group>";
		};
		B369CF231C33A6A100CFB07D /* LaunchScreen.storyboard */ = {
			isa = PBXVariantGroup;
			children = (
				B369CF241C33A6A100CFB07D /* Base */,
			);
			name = LaunchScreen.storyboard;
			sourceTree = "<group>";
		};
/* End PBXVariantGroup section */

/* Begin XCBuildConfiguration section */
		B369CF3D1C33A6A100CFB07D /* Debug */ = {
			isa = XCBuildConfiguration;
			buildSettings = {
				ALWAYS_SEARCH_USER_PATHS = NO;
				CLANG_CXX_LANGUAGE_STANDARD = "gnu++0x";
				CLANG_CXX_LIBRARY = "libc++";
				CLANG_ENABLE_MODULES = YES;
				CLANG_ENABLE_OBJC_ARC = YES;
				CLANG_WARN_BOOL_CONVERSION = YES;
				CLANG_WARN_CONSTANT_CONVERSION = YES;
				CLANG_WARN_DIRECT_OBJC_ISA_USAGE = YES_ERROR;
				CLANG_WARN_EMPTY_BODY = YES;
				CLANG_WARN_ENUM_CONVERSION = YES;
				CLANG_WARN_INT_CONVERSION = YES;
				CLANG_WARN_OBJC_ROOT_CLASS = YES_ERROR;
				CLANG_WARN_UNREACHABLE_CODE = YES;
				CLANG_WARN__DUPLICATE_METHOD_MATCH = YES;
				"CODE_SIGN_IDENTITY[sdk=iphoneos*]" = "iPhone Developer";
				COPY_PHASE_STRIP = NO;
				DEBUG_INFORMATION_FORMAT = dwarf;
				ENABLE_STRICT_OBJC_MSGSEND = YES;
				ENABLE_TESTABILITY = YES;
				GCC_C_LANGUAGE_STANDARD = gnu99;
				GCC_DYNAMIC_NO_PIC = NO;
				GCC_NO_COMMON_BLOCKS = YES;
				GCC_OPTIMIZATION_LEVEL = 0;
				GCC_PREPROCESSOR_DEFINITIONS = (
					"DEBUG=1",
					"$(inherited)",
				);
				GCC_WARN_64_TO_32_BIT_CONVERSION = YES;
				GCC_WARN_ABOUT_RETURN_TYPE = YES_ERROR;
				GCC_WARN_UNDECLARED_SELECTOR = YES;
				GCC_WARN_UNINITIALIZED_AUTOS = YES_AGGRESSIVE;
				GCC_WARN_UNUSED_FUNCTION = YES;
				GCC_WARN_UNUSED_VARIABLE = YES;
				IPHONEOS_DEPLOYMENT_TARGET = 9.1;
				MTL_ENABLE_DEBUG_INFO = YES;
				ONLY_ACTIVE_ARCH = YES;
				SDKROOT = iphoneos;
				SWIFT_OPTIMIZATION_LEVEL = "-Onone";
			};
			name = Debug;
		};
		B369CF3E1C33A6A100CFB07D /* Release */ = {
			isa = XCBuildConfiguration;
			buildSettings = {
				ALWAYS_SEARCH_USER_PATHS = NO;
				CLANG_CXX_LANGUAGE_STANDARD = "gnu++0x";
				CLANG_CXX_LIBRARY = "libc++";
				CLANG_ENABLE_MODULES = YES;
				CLANG_ENABLE_OBJC_ARC = YES;
				CLANG_WARN_BOOL_CONVERSION = YES;
				CLANG_WARN_CONSTANT_CONVERSION = YES;
				CLANG_WARN_DIRECT_OBJC_ISA_USAGE = YES_ERROR;
				CLANG_WARN_EMPTY_BODY = YES;
				CLANG_WARN_ENUM_CONVERSION = YES;
				CLANG_WARN_INT_CONVERSION = YES;
				CLANG_WARN_OBJC_ROOT_CLASS = YES_ERROR;
				CLANG_WARN_UNREACHABLE_CODE = YES;
				CLANG_WARN__DUPLICATE_METHOD_MATCH = YES;
				"CODE_SIGN_IDENTITY[sdk=iphoneos*]" = "iPhone Developer";
				COPY_PHASE_STRIP = NO;
				DEBUG_INFORMATION_FORMAT = "dwarf-with-dsym";
				ENABLE_NS_ASSERTIONS = NO;
				ENABLE_STRICT_OBJC_MSGSEND = YES;
				GCC_C_LANGUAGE_STANDARD = gnu99;
				GCC_NO_COMMON_BLOCKS = YES;
				GCC_WARN_64_TO_32_BIT_CONVERSION = YES;
				GCC_WARN_ABOUT_RETURN_TYPE = YES_ERROR;
				GCC_WARN_UNDECLARED_SELECTOR = YES;
				GCC_WARN_UNINITIALIZED_AUTOS = YES_AGGRESSIVE;
				GCC_WARN_UNUSED_FUNCTION = YES;
				GCC_WARN_UNUSED_VARIABLE = YES;
				IPHONEOS_DEPLOYMENT_TARGET = 9.1;
				MTL_ENABLE_DEBUG_INFO = NO;
				SDKROOT = iphoneos;
				VALIDATE_PRODUCT = YES;
			};
			name = Release;
		};
		B369CF401C33A6A100CFB07D /* Debug */ = {
			isa = XCBuildConfiguration;
			baseConfigurationReference = E1059B512F21BCB3552255BF /* Pods.debug.xcconfig */;
			buildSettings = {
				ASSETCATALOG_COMPILER_APPICON_NAME = AppIcon;
				CLANG_ENABLE_MODULES = YES;
				INFOPLIST_FILE = Threshold/Info.plist;
				LD_RUNPATH_SEARCH_PATHS = "$(inherited) @executable_path/Frameworks";
				PRODUCT_BUNDLE_IDENTIFIER = leoandray.Threshold;
				PRODUCT_NAME = "$(TARGET_NAME)";
				SWIFT_INSTALL_OBJC_HEADER = YES;
				SWIFT_OPTIMIZATION_LEVEL = "-Onone";
				TARGETED_DEVICE_FAMILY = "1,2";
			};
			name = Debug;
		};
		B369CF411C33A6A100CFB07D /* Release */ = {
			isa = XCBuildConfiguration;
			baseConfigurationReference = 8CB09AE81556F12CA8B3988C /* Pods.release.xcconfig */;
			buildSettings = {
				ASSETCATALOG_COMPILER_APPICON_NAME = AppIcon;
				CLANG_ENABLE_MODULES = YES;
				INFOPLIST_FILE = Threshold/Info.plist;
				LD_RUNPATH_SEARCH_PATHS = "$(inherited) @executable_path/Frameworks";
				PRODUCT_BUNDLE_IDENTIFIER = leoandray.Threshold;
				PRODUCT_NAME = "$(TARGET_NAME)";
				SWIFT_INSTALL_OBJC_HEADER = YES;
				TARGETED_DEVICE_FAMILY = "1,2";
			};
			name = Release;
		};
		B369CF431C33A6A100CFB07D /* Debug */ = {
			isa = XCBuildConfiguration;
			buildSettings = {
				BUNDLE_LOADER = "$(TEST_HOST)";
				INFOPLIST_FILE = ThresholdTests/Info.plist;
				LD_RUNPATH_SEARCH_PATHS = "$(inherited) @executable_path/Frameworks @loader_path/Frameworks";
				PRODUCT_BUNDLE_IDENTIFIER = leoandray.ThresholdTests;
				PRODUCT_NAME = "$(TARGET_NAME)";
				TEST_HOST = "$(BUILT_PRODUCTS_DIR)/Threshold.app/Threshold";
			};
			name = Debug;
		};
		B369CF441C33A6A100CFB07D /* Release */ = {
			isa = XCBuildConfiguration;
			buildSettings = {
				BUNDLE_LOADER = "$(TEST_HOST)";
				INFOPLIST_FILE = ThresholdTests/Info.plist;
				LD_RUNPATH_SEARCH_PATHS = "$(inherited) @executable_path/Frameworks @loader_path/Frameworks";
				PRODUCT_BUNDLE_IDENTIFIER = leoandray.ThresholdTests;
				PRODUCT_NAME = "$(TARGET_NAME)";
				TEST_HOST = "$(BUILT_PRODUCTS_DIR)/Threshold.app/Threshold";
			};
			name = Release;
		};
		B369CF461C33A6A100CFB07D /* Debug */ = {
			isa = XCBuildConfiguration;
			buildSettings = {
				INFOPLIST_FILE = ThresholdUITests/Info.plist;
				LD_RUNPATH_SEARCH_PATHS = "$(inherited) @executable_path/Frameworks @loader_path/Frameworks";
				PRODUCT_BUNDLE_IDENTIFIER = leoandray.ThresholdUITests;
				PRODUCT_NAME = "$(TARGET_NAME)";
				TEST_TARGET_NAME = Threshold;
				USES_XCTRUNNER = YES;
			};
			name = Debug;
		};
		B369CF471C33A6A100CFB07D /* Release */ = {
			isa = XCBuildConfiguration;
			buildSettings = {
				INFOPLIST_FILE = ThresholdUITests/Info.plist;
				LD_RUNPATH_SEARCH_PATHS = "$(inherited) @executable_path/Frameworks @loader_path/Frameworks";
				PRODUCT_BUNDLE_IDENTIFIER = leoandray.ThresholdUITests;
				PRODUCT_NAME = "$(TARGET_NAME)";
				TEST_TARGET_NAME = Threshold;
				USES_XCTRUNNER = YES;
			};
			name = Release;
		};
/* End XCBuildConfiguration section */

/* Begin XCConfigurationList section */
		B369CF0F1C33A6A100CFB07D /* Build configuration list for PBXProject "Threshold" */ = {
			isa = XCConfigurationList;
			buildConfigurations = (
				B369CF3D1C33A6A100CFB07D /* Debug */,
				B369CF3E1C33A6A100CFB07D /* Release */,
			);
			defaultConfigurationIsVisible = 0;
			defaultConfigurationName = Release;
		};
		B369CF3F1C33A6A100CFB07D /* Build configuration list for PBXNativeTarget "Threshold" */ = {
			isa = XCConfigurationList;
			buildConfigurations = (
				B369CF401C33A6A100CFB07D /* Debug */,
				B369CF411C33A6A100CFB07D /* Release */,
			);
			defaultConfigurationIsVisible = 0;
			defaultConfigurationName = Release;
		};
		B369CF421C33A6A100CFB07D /* Build configuration list for PBXNativeTarget "ThresholdTests" */ = {
			isa = XCConfigurationList;
			buildConfigurations = (
				B369CF431C33A6A100CFB07D /* Debug */,
				B369CF441C33A6A100CFB07D /* Release */,
			);
			defaultConfigurationIsVisible = 0;
			defaultConfigurationName = Release;
		};
		B369CF451C33A6A100CFB07D /* Build configuration list for PBXNativeTarget "ThresholdUITests" */ = {
			isa = XCConfigurationList;
			buildConfigurations = (
				B369CF461C33A6A100CFB07D /* Debug */,
				B369CF471C33A6A100CFB07D /* Release */,
			);
			defaultConfigurationIsVisible = 0;
			defaultConfigurationName = Release;
		};
/* End XCConfigurationList section */

/* Begin XCVersionGroup section */
		B369CF1E1C33A6A100CFB07D /* Threshold.xcdatamodeld */ = {
			isa = XCVersionGroup;
			children = (
				B369CF1F1C33A6A100CFB07D /* Threshold.xcdatamodel */,
			);
			currentVersion = B369CF1F1C33A6A100CFB07D /* Threshold.xcdatamodel */;
			path = Threshold.xcdatamodeld;
			sourceTree = "<group>";
			versionGroupType = wrapper.xcdatamodel;
		};
/* End XCVersionGroup section */
	};
	rootObject = B369CF0C1C33A6A100CFB07D /* Project object */;
}
